{
    "_readme": [
        "This file locks the dependencies of your project to a known state",
        "Read more about it at https://getcomposer.org/doc/01-basic-usage.md#composer-lock-the-lock-file",
        "This file is @generated automatically"
    ],
    "hash": "536f79f2807debde5b26ca0153d56e1f",
    "content-hash": "9edc22dfb82cede46408563aa315871f",
    "packages": [
        {
            "name": "clef/clef-php",
            "version": "v1.0.1",
            "source": {
                "type": "git",
                "url": "https://github.com/clef/clef-php.git",
                "reference": "11f6e2f409cfc8a5b9b365f5460d20e969b1719c"
            },
            "dist": {
                "type": "zip",
                "url": "https://api.github.com/repos/clef/clef-php/zipball/11f6e2f409cfc8a5b9b365f5460d20e969b1719c",
                "reference": "11f6e2f409cfc8a5b9b365f5460d20e969b1719c",
                "shasum": ""
            },
            "require": {
                "php": ">=5.3.3"
            },
            "require-dev": {
                "phpunit/phpunit": "~4.0",
                "satooshi/php-coveralls": "~0.6.1",
                "squizlabs/php_codesniffer": "~2.0"
            },
            "type": "library",
            "autoload": {
                "psr-4": {
                    "Clef\\": "lib/"
                }
            },
            "notification-url": "https://packagist.org/downloads/",
            "license": [
                "MIT"
            ],
            "authors": [
                {
                    "name": "Clef and contributors",
                    "homepage": "https://github.com/clef/clef-php/contributors"
                }
            ],
            "description": "Clef PHP Library",
            "homepage": "https://getclef.com.com/",
            "keywords": [
                "api",
                "clef",
                "two factor"
            ],
            "time": "2015-07-15 01:32:32"
        }
    ],
    "packages-dev": [
        {
            "name": "heroku/heroku-buildpack-php",
            "version": "v100",
            "source": {
                "type": "git",
                "url": "https://github.com/heroku/heroku-buildpack-php.git",
                "reference": "092b9d33d98764704ccd75db0ea1cef8eeee4b25"
            },
            "dist": {
                "type": "zip",
                "url": "https://api.github.com/repos/heroku/heroku-buildpack-php/zipball/092b9d33d98764704ccd75db0ea1cef8eeee4b25",
                "reference": "092b9d33d98764704ccd75db0ea1cef8eeee4b25",
                "shasum": ""
            },
            "bin": [
                "bin/heroku-hhvm-apache2",
                "bin/heroku-hhvm-nginx",
                "bin/heroku-php-apache2",
                "bin/heroku-php-nginx"
            ],
            "type": "library",
            "notification-url": "https://packagist.org/downloads/",
            "license": [
                "MIT"
            ],
            "authors": [
                {
                    "name": "David Zuelke",
                    "email": "dz@heroku.com"
                }
            ],
            "description": "Toolkit for starting a PHP application locally, with or without foreman, using the same config for PHP/HHVM and Apache2/Nginx as on Heroku",
            "homepage": "http://github.com/heroku/heroku-buildpack-php",
            "keywords": [
                "apache",
                "apache2",
                "foreman",
                "heroku",
                "hhvm",
                "nginx",
                "php"
            ],
            "time": "2016-03-31 13:33:46"
        }
    ],
    "aliases": [],
    "minimum-stability": "stable",
    "stability-flags": [],
    "prefer-stable": false,
    "prefer-lowest": false,
    "platform": [],
    "platform-dev": []
}
